PODS:
  - boost (1.76.0)
  - CocoaAsyncSocket (7.6.5)
  - DoubleConversion (1.1.6)
  - FBLazyVector (0.71.10)
  - FBReactNativeSpec (0.71.10):
    - RCT-Folly (= 2021.07.22.00)
    - RCTRequired (= 0.71.10)
    - RCTTypeSafety (= 0.71.10)
    - React-Core (= 0.71.10)
    - React-jsi (= 0.71.10)
    - ReactCommon/turbomodule/core (= 0.71.10)
  - Flipper (0.125.0):
    - Flipper-Folly (~> 2.6)
    - Flipper-RSocket (~> 1.4)
  - Flipper-Boost-iOSX (1.76.0.1.11)
  - Flipper-DoubleConversion (3.2.0.1)
  - Flipper-Fmt (7.1.7)
  - Flipper-Folly (2.6.10):
    - Flipper-Boost-iOSX
    - Flipper-DoubleConversion
    - Flipper-Fmt (= 7.1.7)
    - Flipper-Glog
    - libevent (~> 2.1.12)
    - OpenSSL-Universal (= 1.1.1100)
  - Flipper-Glog (0.5.0.5)
  - Flipper-PeerTalk (0.0.4)
  - Flipper-RSocket (1.4.3):
    - Flipper-Folly (~> 2.6)
  - FlipperKit (0.125.0):
    - FlipperKit/Core (= 0.125.0)
  - FlipperKit/Core (0.125.0):
    - Flipper (~> 0.125.0)
    - FlipperKit/CppBridge
    - FlipperKit/FBCxxFollyDynamicConvert
    - FlipperKit/FBDefines
    - FlipperKit/FKPortForwarding
    - SocketRocket (~> 0.6.0)
  - FlipperKit/CppBridge (0.125.0):
    - Flipper (~> 0.125.0)
  - FlipperKit/FBCxxFollyDynamicConvert (0.125.0):
    - Flipper-Folly (~> 2.6)
  - FlipperKit/FBDefines (0.125.0)
  - FlipperKit/FKPortForwarding (0.125.0):
    - CocoaAsyncSocket (~> 7.6)
    - Flipper-PeerTalk (~> 0.0.4)
  - FlipperKit/FlipperKitHighlightOverlay (0.125.0)
  - FlipperKit/FlipperKitLayoutHelpers (0.125.0):
    - FlipperKit/Core
    - FlipperKit/FlipperKitHighlightOverlay
    - FlipperKit/FlipperKitLayoutTextSearchable
  - FlipperKit/FlipperKitLayoutIOSDescriptors (0.125.0):
    - FlipperKit/Core
    - FlipperKit/FlipperKitHighlightOverlay
    - FlipperKit/FlipperKitLayoutHelpers
    - YogaKit (~> 1.18)
  - FlipperKit/FlipperKitLayoutPlugin (0.125.0):
    - FlipperKit/Core
    - FlipperKit/FlipperKitHighlightOverlay
    - FlipperKit/FlipperKitLayoutHelpers
    - FlipperKit/FlipperKitLayoutIOSDescriptors
    - FlipperKit/FlipperKitLayoutTextSearchable
    - YogaKit (~> 1.18)
  - FlipperKit/FlipperKitLayoutTextSearchable (0.125.0)
  - FlipperKit/FlipperKitNetworkPlugin (0.125.0):
    - FlipperKit/Core
  - FlipperKit/FlipperKitReactPlugin (0.125.0):
    - FlipperKit/Core
  - FlipperKit/FlipperKitUserDefaultsPlugin (0.125.0):
    - FlipperKit/Core
  - FlipperKit/SKIOSNetworkPlugin (0.125.0):
    - FlipperKit/Core
    - FlipperKit/FlipperKitNetworkPlugin
  - fmt (6.2.1)
  - glog (0.3.5)
  - libevent (2.1.12)
  - OpenSSL-Universal (1.1.1100)
  - RCT-Folly (2021.07.22.00):
    - boost
    - DoubleConversion
    - fmt (~> 6.2.1)
    - glog
    - RCT-Folly/Default (= 2021.07.22.00)
  - RCT-Folly/Default (2021.07.22.00):
    - boost
    - DoubleConversion
    - fmt (~> 6.2.1)
    - glog
  - RCTRequired (0.71.10)
  - RCTTypeSafety (0.71.10):
    - FBLazyVector (= 0.71.10)
    - RCTRequired (= 0.71.10)
    - React-Core (= 0.71.10)
  - React (0.71.10):
    - React-Core (= 0.71.10)
    - React-Core/DevSupport (= 0.71.10)
    - React-Core/RCTWebSocket (= 0.71.10)
    - React-RCTActionSheet (= 0.71.10)
    - React-RCTAnimation (= 0.71.10)
    - React-RCTBlob (= 0.71.10)
    - React-RCTImage (= 0.71.10)
    - React-RCTLinking (= 0.71.10)
    - React-RCTNetwork (= 0.71.10)
    - React-RCTSettings (= 0.71.10)
    - React-RCTText (= 0.71.10)
    - React-RCTVibration (= 0.71.10)
  - React-callinvoker (0.71.10)
  - React-Codegen (0.71.10):
    - FBReactNativeSpec
    - RCT-Folly
    - RCTRequired
    - RCTTypeSafety
    - React-Core
    - React-jsc
    - React-jsi
    - React-jsiexecutor
    - ReactCommon/turbomodule/bridging
    - ReactCommon/turbomodule/core
  - React-Core (0.71.10):
    - glog
    - RCT-Folly (= 2021.07.22.00)
    - React-Core/Default (= 0.71.10)
    - React-cxxreact (= 0.71.10)
    - React-jsc
    - React-jsi (= 0.71.10)
    - React-jsiexecutor (= 0.71.10)
    - React-perflogger (= 0.71.10)
    - SocketRocket (= 0.6.0)
    - Yoga
  - React-Core/CoreModulesHeaders (0.71.10):
    - glog
    - RCT-Folly (= 2021.07.22.00)
    - React-Core/Default
    - React-cxxreact (= 0.71.10)
    - React-jsc
    - React-jsi (= 0.71.10)
    - React-jsiexecutor (= 0.71.10)
    - React-perflogger (= 0.71.10)
    - SocketRocket (= 0.6.0)
    - Yoga
  - React-Core/Default (0.71.10):
    - glog
    - RCT-Folly (= 2021.07.22.00)
    - React-cxxreact (= 0.71.10)
    - React-jsc
    - React-jsi (= 0.71.10)
    - React-jsiexecutor (= 0.71.10)
    - React-perflogger (= 0.71.10)
    - SocketRocket (= 0.6.0)
    - Yoga
  - React-Core/DevSupport (0.71.10):
    - glog
    - RCT-Folly (= 2021.07.22.00)
    - React-Core/Default (= 0.71.10)
    - React-Core/RCTWebSocket (= 0.71.10)
    - React-cxxreact (= 0.71.10)
    - React-jsc
    - React-jsi (= 0.71.10)
    - React-jsiexecutor (= 0.71.10)
    - React-jsinspector (= 0.71.10)
    - React-perflogger (= 0.71.10)
    - SocketRocket (= 0.6.0)
    - Yoga
  - React-Core/RCTActionSheetHeaders (0.71.10):
    - glog
    - RCT-Folly (= 2021.07.22.00)
    - React-Core/Default
    - React-cxxreact (= 0.71.10)
    - React-jsc
    - React-jsi (= 0.71.10)
    - React-jsiexecutor (= 0.71.10)
    - React-perflogger (= 0.71.10)
    - SocketRocket (= 0.6.0)
    - Yoga
  - React-Core/RCTAnimationHeaders (0.71.10):
    - glog
    - RCT-Folly (= 2021.07.22.00)
    - React-Core/Default
    - React-cxxreact (= 0.71.10)
    - React-jsc
    - React-jsi (= 0.71.10)
    - React-jsiexecutor (= 0.71.10)
    - React-perflogger (= 0.71.10)
    - SocketRocket (= 0.6.0)
    - Yoga
  - React-Core/RCTBlobHeaders (0.71.10):
    - glog
    - RCT-Folly (= 2021.07.22.00)
    - React-Core/Default
    - React-cxxreact (= 0.71.10)
    - React-jsc
    - React-jsi (= 0.71.10)
    - React-jsiexecutor (= 0.71.10)
    - React-perflogger (= 0.71.10)
    - SocketRocket (= 0.6.0)
    - Yoga
  - React-Core/RCTImageHeaders (0.71.10):
    - glog
    - RCT-Folly (= 2021.07.22.00)
    - React-Core/Default
    - React-cxxreact (= 0.71.10)
    - React-jsc
    - React-jsi (= 0.71.10)
    - React-jsiexecutor (= 0.71.10)
    - React-perflogger (= 0.71.10)
    - SocketRocket (= 0.6.0)
    - Yoga
  - React-Core/RCTLinkingHeaders (0.71.10):
    - glog
    - RCT-Folly (= 2021.07.22.00)
    - React-Core/Default
    - React-cxxreact (= 0.71.10)
    - React-jsc
    - React-jsi (= 0.71.10)
    - React-jsiexecutor (= 0.71.10)
    - React-perflogger (= 0.71.10)
    - SocketRocket (= 0.6.0)
    - Yoga
  - React-Core/RCTNetworkHeaders (0.71.10):
    - glog
    - RCT-Folly (= 2021.07.22.00)
    - React-Core/Default
    - React-cxxreact (= 0.71.10)
    - React-jsc
    - React-jsi (= 0.71.10)
    - React-jsiexecutor (= 0.71.10)
    - React-perflogger (= 0.71.10)
    - SocketRocket (= 0.6.0)
    - Yoga
  - React-Core/RCTSettingsHeaders (0.71.10):
    - glog
    - RCT-Folly (= 2021.07.22.00)
    - React-Core/Default
    - React-cxxreact (= 0.71.10)
    - React-jsc
    - React-jsi (= 0.71.10)
    - React-jsiexecutor (= 0.71.10)
    - React-perflogger (= 0.71.10)
    - SocketRocket (= 0.6.0)
    - Yoga
  - React-Core/RCTTextHeaders (0.71.10):
    - glog
    - RCT-Folly (= 2021.07.22.00)
    - React-Core/Default
    - React-cxxreact (= 0.71.10)
    - React-jsc
    - React-jsi (= 0.71.10)
    - React-jsiexecutor (= 0.71.10)
    - React-perflogger (= 0.71.10)
    - SocketRocket (= 0.6.0)
    - Yoga
  - React-Core/RCTVibrationHeaders (0.71.10):
    - glog
    - RCT-Folly (= 2021.07.22.00)
    - React-Core/Default
    - React-cxxreact (= 0.71.10)
    - React-jsc
    - React-jsi (= 0.71.10)
    - React-jsiexecutor (= 0.71.10)
    - React-perflogger (= 0.71.10)
    - SocketRocket (= 0.6.0)
    - Yoga
  - React-Core/RCTWebSocket (0.71.10):
    - glog
    - RCT-Folly (= 2021.07.22.00)
    - React-Core/Default (= 0.71.10)
    - React-cxxreact (= 0.71.10)
    - React-jsc
    - React-jsi (= 0.71.10)
    - React-jsiexecutor (= 0.71.10)
    - React-perflogger (= 0.71.10)
    - SocketRocket (= 0.6.0)
    - Yoga
  - React-CoreModules (0.71.10):
    - RCT-Folly (= 2021.07.22.00)
    - RCTTypeSafety (= 0.71.10)
    - React-Codegen (= 0.71.10)
    - React-Core/CoreModulesHeaders (= 0.71.10)
    - React-jsi (= 0.71.10)
    - React-RCTBlob
    - React-RCTImage (= 0.71.10)
    - ReactCommon/turbomodule/core (= 0.71.10)
    - SocketRocket (= 0.6.0)
  - React-cxxreact (0.71.10):
    - boost (= 1.76.0)
    - DoubleConversion
    - glog
    - RCT-Folly (= 2021.07.22.00)
    - React-callinvoker (= 0.71.10)
    - React-jsi (= 0.71.10)
    - React-jsinspector (= 0.71.10)
    - React-logger (= 0.71.10)
    - React-perflogger (= 0.71.10)
    - React-runtimeexecutor (= 0.71.10)
  - React-jsc (0.71.10):
    - React-jsc/Fabric (= 0.71.10)
    - React-jsi (= 0.71.10)
  - React-jsc/Fabric (0.71.10):
    - React-jsi (= 0.71.10)
  - React-jsi (0.71.10):
    - boost (= 1.76.0)
    - DoubleConversion
    - glog
    - RCT-Folly (= 2021.07.22.00)
  - React-jsiexecutor (0.71.10):
    - DoubleConversion
    - glog
    - RCT-Folly (= 2021.07.22.00)
    - React-cxxreact (= 0.71.10)
    - React-jsi (= 0.71.10)
    - React-perflogger (= 0.71.10)
  - React-jsinspector (0.71.10)
  - React-logger (0.71.10):
    - glog
  - React-perflogger (0.71.10)
  - React-RCTActionSheet (0.71.10):
    - React-Core/RCTActionSheetHeaders (= 0.71.10)
  - React-RCTAnimation (0.71.10):
    - RCT-Folly (= 2021.07.22.00)
    - RCTTypeSafety (= 0.71.10)
    - React-Codegen (= 0.71.10)
    - React-Core/RCTAnimationHeaders (= 0.71.10)
    - React-jsi (= 0.71.10)
    - ReactCommon/turbomodule/core (= 0.71.10)
  - React-RCTAppDelegate (0.71.10):
    - RCT-Folly
    - RCTRequired
    - RCTTypeSafety
    - React-Core
    - ReactCommon/turbomodule/core
  - React-RCTBlob (0.71.10):
    - RCT-Folly (= 2021.07.22.00)
    - React-Codegen (= 0.71.10)
    - React-Core/RCTBlobHeaders (= 0.71.10)
    - React-Core/RCTWebSocket (= 0.71.10)
    - React-jsi (= 0.71.10)
    - React-RCTNetwork (= 0.71.10)
    - ReactCommon/turbomodule/core (= 0.71.10)
  - React-RCTImage (0.71.10):
    - RCT-Folly (= 2021.07.22.00)
    - RCTTypeSafety (= 0.71.10)
    - React-Codegen (= 0.71.10)
    - React-Core/RCTImageHeaders (= 0.71.10)
    - React-jsi (= 0.71.10)
    - React-RCTNetwork (= 0.71.10)
    - ReactCommon/turbomodule/core (= 0.71.10)
  - React-RCTLinking (0.71.10):
    - React-Codegen (= 0.71.10)
    - React-Core/RCTLinkingHeaders (= 0.71.10)
    - React-jsi (= 0.71.10)
    - ReactCommon/turbomodule/core (= 0.71.10)
  - React-RCTNetwork (0.71.10):
    - RCT-Folly (= 2021.07.22.00)
    - RCTTypeSafety (= 0.71.10)
    - React-Codegen (= 0.71.10)
    - React-Core/RCTNetworkHeaders (= 0.71.10)
    - React-jsi (= 0.71.10)
    - ReactCommon/turbomodule/core (= 0.71.10)
  - React-RCTSettings (0.71.10):
    - RCT-Folly (= 2021.07.22.00)
    - RCTTypeSafety (= 0.71.10)
    - React-Codegen (= 0.71.10)
    - React-Core/RCTSettingsHeaders (= 0.71.10)
    - React-jsi (= 0.71.10)
    - ReactCommon/turbomodule/core (= 0.71.10)
  - React-RCTText (0.71.10):
    - React-Core/RCTTextHeaders (= 0.71.10)
  - React-RCTVibration (0.71.10):
    - RCT-Folly (= 2021.07.22.00)
    - React-Codegen (= 0.71.10)
    - React-Core/RCTVibrationHeaders (= 0.71.10)
    - React-jsi (= 0.71.10)
    - ReactCommon/turbomodule/core (= 0.71.10)
  - React-runtimeexecutor (0.71.10):
    - React-jsi (= 0.71.10)
  - ReactCommon/turbomodule/bridging (0.71.10):
    - DoubleConversion
    - glog
    - RCT-Folly (= 2021.07.22.00)
    - React-callinvoker (= 0.71.10)
    - React-Core (= 0.71.10)
    - React-cxxreact (= 0.71.10)
    - React-jsi (= 0.71.10)
    - React-logger (= 0.71.10)
    - React-perflogger (= 0.71.10)
  - ReactCommon/turbomodule/core (0.71.10):
    - DoubleConversion
    - glog
    - RCT-Folly (= 2021.07.22.00)
    - React-callinvoker (= 0.71.10)
    - React-Core (= 0.71.10)
    - React-cxxreact (= 0.71.10)
    - React-jsi (= 0.71.10)
    - React-logger (= 0.71.10)
    - React-perflogger (= 0.71.10)
  - SocketRocket (0.6.0)
  - Yoga (1.14.0)
  - YogaKit (1.18.1):
    - Yoga (~> 1.14)

DEPENDENCIES:
  - boost (from `../node_modules/react-native-macos/third-party-podspecs/boost.podspec`)
  - DoubleConversion (from `../node_modules/react-native-macos/third-party-podspecs/DoubleConversion.podspec`)
  - FBLazyVector (from `../node_modules/react-native-macos/Libraries/FBLazyVector`)
  - FBReactNativeSpec (from `../node_modules/react-native-macos/React/FBReactNativeSpec`)
  - Flipper (= 0.125.0)
  - Flipper-Boost-iOSX (= 1.76.0.1.11)
  - Flipper-DoubleConversion (= 3.2.0.1)
  - Flipper-Fmt (= 7.1.7)
  - Flipper-Folly (= 2.6.10)
  - Flipper-Glog (= 0.5.0.5)
  - Flipper-PeerTalk (= 0.0.4)
  - Flipper-RSocket (= 1.4.3)
  - FlipperKit (= 0.125.0)
  - FlipperKit/Core (= 0.125.0)
  - FlipperKit/CppBridge (= 0.125.0)
  - FlipperKit/FBCxxFollyDynamicConvert (= 0.125.0)
  - FlipperKit/FBDefines (= 0.125.0)
  - FlipperKit/FKPortForwarding (= 0.125.0)
  - FlipperKit/FlipperKitHighlightOverlay (= 0.125.0)
  - FlipperKit/FlipperKitLayoutPlugin (= 0.125.0)
  - FlipperKit/FlipperKitLayoutTextSearchable (= 0.125.0)
  - FlipperKit/FlipperKitNetworkPlugin (= 0.125.0)
  - FlipperKit/FlipperKitReactPlugin (= 0.125.0)
  - FlipperKit/FlipperKitUserDefaultsPlugin (= 0.125.0)
  - FlipperKit/SKIOSNetworkPlugin (= 0.125.0)
  - glog (from `../node_modules/react-native-macos/third-party-podspecs/glog.podspec`)
  - OpenSSL-Universal (= 1.1.1100)
  - RCT-Folly (from `../node_modules/react-native-macos/third-party-podspecs/RCT-Folly.podspec`)
  - RCTRequired (from `../node_modules/react-native-macos/Libraries/RCTRequired`)
  - RCTTypeSafety (from `../node_modules/react-native-macos/Libraries/TypeSafety`)
  - React (from `../node_modules/react-native-macos/`)
  - React-callinvoker (from `../node_modules/react-native-macos/ReactCommon/callinvoker`)
  - React-Codegen (from `build/generated/ios`)
  - React-Core (from `../node_modules/react-native-macos/`)
  - React-Core/RCTWebSocket (from `../node_modules/react-native-macos/`)
  - React-CoreModules (from `../node_modules/react-native-macos/React/CoreModules`)
  - React-cxxreact (from `../node_modules/react-native-macos/ReactCommon/cxxreact`)
  - React-jsc (from `../node_modules/react-native-macos/ReactCommon/jsc`)
  - React-jsi (from `../node_modules/react-native-macos/ReactCommon/jsi`)
  - React-jsiexecutor (from `../node_modules/react-native-macos/ReactCommon/jsiexecutor`)
  - React-jsinspector (from `../node_modules/react-native-macos/ReactCommon/jsinspector`)
  - React-logger (from `../node_modules/react-native-macos/ReactCommon/logger`)
  - React-perflogger (from `../node_modules/react-native-macos/ReactCommon/reactperflogger`)
  - React-RCTActionSheet (from `../node_modules/react-native-macos/Libraries/ActionSheetIOS`)
  - React-RCTAnimation (from `../node_modules/react-native-macos/Libraries/NativeAnimation`)
  - React-RCTAppDelegate (from `../node_modules/react-native-macos/Libraries/AppDelegate`)
  - React-RCTBlob (from `../node_modules/react-native-macos/Libraries/Blob`)
  - React-RCTImage (from `../node_modules/react-native-macos/Libraries/Image`)
  - React-RCTLinking (from `../node_modules/react-native-macos/Libraries/LinkingIOS`)
  - React-RCTNetwork (from `../node_modules/react-native-macos/Libraries/Network`)
  - React-RCTSettings (from `../node_modules/react-native-macos/Libraries/Settings`)
  - React-RCTText (from `../node_modules/react-native-macos/Libraries/Text`)
  - React-RCTVibration (from `../node_modules/react-native-macos/Libraries/Vibration`)
  - React-runtimeexecutor (from `../node_modules/react-native-macos/ReactCommon/runtimeexecutor`)
  - ReactCommon/turbomodule/core (from `../node_modules/react-native-macos/ReactCommon`)
  - Yoga (from `../node_modules/react-native-macos/ReactCommon/yoga`)

SPEC REPOS:
  trunk:
    - CocoaAsyncSocket
    - Flipper
    - Flipper-Boost-iOSX
    - Flipper-DoubleConversion
    - Flipper-Fmt
    - Flipper-Folly
    - Flipper-Glog
    - Flipper-PeerTalk
    - Flipper-RSocket
    - FlipperKit
    - fmt
    - libevent
    - OpenSSL-Universal
    - SocketRocket
    - YogaKit

EXTERNAL SOURCES:
  boost:
    :podspec: "../node_modules/react-native-macos/third-party-podspecs/boost.podspec"
  DoubleConversion:
    :podspec: "../node_modules/react-native-macos/third-party-podspecs/DoubleConversion.podspec"
  FBLazyVector:
    :path: "../node_modules/react-native-macos/Libraries/FBLazyVector"
  FBReactNativeSpec:
    :path: "../node_modules/react-native-macos/React/FBReactNativeSpec"
  glog:
    :podspec: "../node_modules/react-native-macos/third-party-podspecs/glog.podspec"
  RCT-Folly:
    :podspec: "../node_modules/react-native-macos/third-party-podspecs/RCT-Folly.podspec"
  RCTRequired:
    :path: "../node_modules/react-native-macos/Libraries/RCTRequired"
  RCTTypeSafety:
    :path: "../node_modules/react-native-macos/Libraries/TypeSafety"
  React:
    :path: "../node_modules/react-native-macos/"
  React-callinvoker:
    :path: "../node_modules/react-native-macos/ReactCommon/callinvoker"
  React-Codegen:
    :path: build/generated/ios
  React-Core:
    :path: "../node_modules/react-native-macos/"
  React-CoreModules:
    :path: "../node_modules/react-native-macos/React/CoreModules"
  React-cxxreact:
    :path: "../node_modules/react-native-macos/ReactCommon/cxxreact"
  React-jsc:
    :path: "../node_modules/react-native-macos/ReactCommon/jsc"
  React-jsi:
    :path: "../node_modules/react-native-macos/ReactCommon/jsi"
  React-jsiexecutor:
    :path: "../node_modules/react-native-macos/ReactCommon/jsiexecutor"
  React-jsinspector:
    :path: "../node_modules/react-native-macos/ReactCommon/jsinspector"
  React-logger:
    :path: "../node_modules/react-native-macos/ReactCommon/logger"
  React-perflogger:
    :path: "../node_modules/react-native-macos/ReactCommon/reactperflogger"
  React-RCTActionSheet:
    :path: "../node_modules/react-native-macos/Libraries/ActionSheetIOS"
  React-RCTAnimation:
    :path: "../node_modules/react-native-macos/Libraries/NativeAnimation"
  React-RCTAppDelegate:
    :path: "../node_modules/react-native-macos/Libraries/AppDelegate"
  React-RCTBlob:
    :path: "../node_modules/react-native-macos/Libraries/Blob"
  React-RCTImage:
    :path: "../node_modules/react-native-macos/Libraries/Image"
  React-RCTLinking:
    :path: "../node_modules/react-native-macos/Libraries/LinkingIOS"
  React-RCTNetwork:
    :path: "../node_modules/react-native-macos/Libraries/Network"
  React-RCTSettings:
    :path: "../node_modules/react-native-macos/Libraries/Settings"
  React-RCTText:
    :path: "../node_modules/react-native-macos/Libraries/Text"
  React-RCTVibration:
    :path: "../node_modules/react-native-macos/Libraries/Vibration"
  React-runtimeexecutor:
    :path: "../node_modules/react-native-macos/ReactCommon/runtimeexecutor"
  ReactCommon:
    :path: "../node_modules/react-native-macos/ReactCommon"
  Yoga:
    :path: "../node_modules/react-native-macos/ReactCommon/yoga"

SPEC CHECKSUMS:
  boost: 8fa3cd00fa17ef6c3221e5fd283fa93e81d23017
  CocoaAsyncSocket: 065fd1e645c7abab64f7a6a2007a48038fdc6a99
  DoubleConversion: acaf5db79676d2e9119015819153f0f99191de12
  FBLazyVector: 40fbb3d070634b32ada27f58312f7417e9b43655
  FBReactNativeSpec: 8be94ab2bae048cd6abff155047bbd495c890f1b
  Flipper: 26fc4b7382499f1281eb8cb921e5c3ad6de91fe0
  Flipper-Boost-iOSX: fd1e2b8cbef7e662a122412d7ac5f5bea715403c
  Flipper-DoubleConversion: 2dc99b02f658daf147069aad9dbd29d8feb06d30
  Flipper-Fmt: 60cbdd92fc254826e61d669a5d87ef7015396a9b
  Flipper-Folly: 584845625005ff068a6ebf41f857f468decd26b3
  Flipper-Glog: 70c50ce58ddaf67dc35180db05f191692570f446
  Flipper-PeerTalk: 116d8f857dc6ef55c7a5a75ea3ceaafe878aadc9
  Flipper-RSocket: d9d9ade67cbecf6ac10730304bf5607266dd2541
  FlipperKit: cbdee19bdd4e7f05472a66ce290f1b729ba3cb86
  fmt: ff9d55029c625d3757ed641535fd4a75fedc7ce9
  glog: 6df0a3d6e2750a50609471fd1a01fd2948d405b5
  libevent: 4049cae6c81cdb3654a443be001fb9bdceff7913
  OpenSSL-Universal: ebc357f1e6bc71fa463ccb2fe676756aff50e88c
  RCT-Folly: bf7b4921a91932051ebf1c5c2d297154b1fa3c8c
  RCTRequired: d8db4e4b64eb75cfd63502da7eec27fd7e22e4bd
  RCTTypeSafety: 5477be22ee3698e0f46b7eb014c492525aa98f6d
  React: 72c67a88e64c16bbb33ceacfbd47038791949071
  React-callinvoker: de002b8e8074c8783c88fe247c6c0ff484ea497c
  React-Codegen: 784d8503eedeaf8ee29d922bf6e1824a3d387ada
  React-Core: ffd64b1bd1d12735c20c1440af72c23938f32f85
  React-CoreModules: fdd86d4eee2c4aa296680c0b9d191c655c54e64f
  React-cxxreact: ef5195a777bc536abdddd2f1c034820e3ae53045
  React-jsc: 8ad8852ba6944dc04d25f1d93c469b2fbb8c401c
  React-jsi: 66ca6e74f25ca4cbda8f6e2f39411e93f78369df
  React-jsiexecutor: c2c664ad5baf53abc42f61c6fe7ddabc0d653415
  React-jsinspector: 305702be5c3b2de705baa30c115f21d11d4f7a71
  React-logger: 315c328d1b5eab53b514ee6679e9c051f06e40fc
  React-perflogger: f5da1234c1bf1d07f37df3bc150375cf1b4d1579
  React-RCTActionSheet: 475fbc0a721677ced7f6cbef5db0767bec4be8b8
  React-RCTAnimation: 160fd819629a0c81946ca6d1909117aec7b2051b
  React-RCTAppDelegate: 749f46c138d274faf1dd32a51f49ac7a3cc03227
  React-RCTBlob: 28df4fc35fdba81e87035981ea3bc6e0c5d978cf
  React-RCTImage: c78b2a0d9b9044b430d76f1db536da6faec5dcb0
  React-RCTLinking: cb84e68105672949f47e02fda77534a7ec31bd33
  React-RCTNetwork: a6517ef9850cacfa6e85847cec1bdaf5883417f5
  React-RCTSettings: fc6cc811a04e6daab0e626bba252782243a641a6
  React-RCTText: 4ef0810229a236b267d2509a7a45efb31bc172c1
  React-RCTVibration: d9f7c567fd34ff054d2dde5fb8a28969774ac166
  React-runtimeexecutor: 62d0f949552f54e9ebddfbe5922dc2729c40ecac
  ReactCommon: e86b47f815b94cbf645101606f2b8e397509f88e
  SocketRocket: fccef3f9c5cedea1353a9ef6ada904fde10d6608
  Yoga: 44681e47c1f7cfaa3fada837aa558973f9353b20
  YogaKit: f782866e155069a2cca2517aafea43200b01fd5a

PODFILE CHECKSUM: 52a537d9d228d2efe3856edc84d9e7f636bc80f8

COCOAPODS: 1.12.1
